
Microsoft Visual Studio Solution File, Format Version 12.00
# Visual Studio 2013
VisualStudioVersion = 12.0.21005.1
MinimumVisualStudioVersion = 10.0.40219.1
Project("{2150E333-8FDC-42A3-9474-1A3956D46DE8}") = ".nuget", ".nuget", "{27332C43-03A0-48EF-9BBD-1FB87CC1FFFA}"
	ProjectSection(SolutionItems) = preProject
		.nuget\NuGet.Config = .nuget\NuGet.Config
		.nuget\NuGet.exe = .nuget\NuGet.exe
		.nuget\NuGet.targets = .nuget\NuGet.targets
	EndProjectSection
EndProject
Project("{FAE04EC0-301F-11D3-BF4B-00C04F79EFBC}") = "GS.WeeklyReport.Models", "WeeklyReport.Models\GS.WeeklyReport.Models.csproj", "{D318F934-7BB1-4E6A-95A6-6FC738D999B5}"
EndProject
Project("{FAE04EC0-301F-11D3-BF4B-00C04F79EFBC}") = "GS.WeeklyReport.Repository", "GS.WeeklyReport.Repository\GS.WeeklyReport.Repository.csproj", "{6950467F-F50F-45DD-8540-1B15C4A0B299}"
EndProject
Project("{FAE04EC0-301F-11D3-BF4B-00C04F79EFBC}") = "GS.WeeklyReport.Service", "GS.WeeklyReport.Service\GS.WeeklyReport.Service.csproj", "{40185451-1029-487D-8E12-355AF0E5B657}"
EndProject
Project("{2150E333-8FDC-42A3-9474-1A3956D46DE8}") = "Repository", "Repository", "{7ED2AF1E-7732-42E5-858D-6C31E2A37CC1}"
EndProject
Project("{2150E333-8FDC-42A3-9474-1A3956D46DE8}") = "BLL", "BLL", "{E47CBC47-D625-4513-9D42-B0EAE3238421}"
EndProject
Project("{2150E333-8FDC-42A3-9474-1A3956D46DE8}") = "UI", "UI", "{2A8E3B5C-AD0A-40BA-AC5E-9B1E916D16FB}"
EndProject
Project("{FAE04EC0-301F-11D3-BF4B-00C04F79EFBC}") = "GS.WeeklyReport.IRepository", "GS.WeeklyReport.IRepository\GS.WeeklyReport.IRepository.csproj", "{21CCA4B7-F40B-4F2B-A98F-C173013DD4EC}"
EndProject
Project("{FAE04EC0-301F-11D3-BF4B-00C04F79EFBC}") = "GS.WeeklyReport.RepositoryFactory", "GS.WeeklyReport.RepositoryFactory\GS.WeeklyReport.RepositoryFactory.csproj", "{B86CB611-FCF2-497D-8B24-18DB122D9FBB}"
EndProject
Project("{2150E333-8FDC-42A3-9474-1A3956D46DE8}") = "Model", "Model", "{8F168044-83EB-4838-8B03-42FB4B8D97FC}"
EndProject
Project("{FAE04EC0-301F-11D3-BF4B-00C04F79EFBC}") = "GS.WeeklyReport.Portal", "GS.WeeklyReport.Portal\GS.WeeklyReport.Portal.csproj", "{B2C314B4-DAED-4FF8-A355-38C72492BBBB}"
EndProject
Project("{FAE04EC0-301F-11D3-BF4B-00C04F79EFBC}") = "GS.WeeklyReport.Portal.Tests", "GS.WeeklyReport.Portal.Tests\GS.WeeklyReport.Portal.Tests.csproj", "{01BA5FB4-7D10-49B2-907E-21E98CC715AD}"
EndProject
Project("{FAE04EC0-301F-11D3-BF4B-00C04F79EFBC}") = "GS.WeeklyReport.API", "GS.WeeklyReport.API\GS.WeeklyReport.API.csproj", "{D45315F8-A749-4A8C-A9CE-0CD0BC84C73C}"
EndProject
Project("{2150E333-8FDC-42A3-9474-1A3956D46DE8}") = "Test", "Test", "{634ED01C-2983-4FE2-A703-B51936BD088D}"
EndProject
Project("{2150E333-8FDC-42A3-9474-1A3956D46DE8}") = "Api", "Api", "{EB509333-A8EE-4FDB-B6E9-475A5D68F242}"
EndProject
Project("{FAE04EC0-301F-11D3-BF4B-00C04F79EFBC}") = "GS.WeeklyReport.IService", "GS.WeeklyReport.IService\GS.WeeklyReport.IService.csproj", "{2BB6FD21-0485-4663-A942-5FA799CE29C8}"
EndProject
Project("{2150E333-8FDC-42A3-9474-1A3956D46DE8}") = "Common", "Common", "{9A948BD4-2C0A-4024-9F9D-0B010162FC59}"
EndProject
Project("{FAE04EC0-301F-11D3-BF4B-00C04F79EFBC}") = "GS.WeeklyReport.Common", "GS.WeeklyReport.Common\GS.WeeklyReport.Common.csproj", "{BD1304B4-7673-46AD-B420-E689414C9253}"
EndProject
Global
	GlobalSection(SolutionConfigurationPlatforms) = preSolution
		Debug|Any CPU = Debug|Any CPU
		Release|Any CPU = Release|Any CPU
	EndGlobalSection
	GlobalSection(ProjectConfigurationPlatforms) = postSolution
		{D318F934-7BB1-4E6A-95A6-6FC738D999B5}.Debug|Any CPU.ActiveCfg = Debug|Any CPU
		{D318F934-7BB1-4E6A-95A6-6FC738D999B5}.Debug|Any CPU.Build.0 = Debug|Any CPU
		{D318F934-7BB1-4E6A-95A6-6FC738D999B5}.Release|Any CPU.ActiveCfg = Release|Any CPU
		{D318F934-7BB1-4E6A-95A6-6FC738D999B5}.Release|Any CPU.Build.0 = Release|Any CPU
		{6950467F-F50F-45DD-8540-1B15C4A0B299}.Debug|Any CPU.ActiveCfg = Debug|Any CPU
		{6950467F-F50F-45DD-8540-1B15C4A0B299}.Debug|Any CPU.Build.0 = Debug|Any CPU
		{6950467F-F50F-45DD-8540-1B15C4A0B299}.Release|Any CPU.ActiveCfg = Release|Any CPU
		{6950467F-F50F-45DD-8540-1B15C4A0B299}.Release|Any CPU.Build.0 = Release|Any CPU
		{40185451-1029-487D-8E12-355AF0E5B657}.Debug|Any CPU.ActiveCfg = Debug|Any CPU
		{40185451-1029-487D-8E12-355AF0E5B657}.Debug|Any CPU.Build.0 = Debug|Any CPU
		{40185451-1029-487D-8E12-355AF0E5B657}.Release|Any CPU.ActiveCfg = Release|Any CPU
		{40185451-1029-487D-8E12-355AF0E5B657}.Release|Any CPU.Build.0 = Release|Any CPU
		{21CCA4B7-F40B-4F2B-A98F-C173013DD4EC}.Debug|Any CPU.ActiveCfg = Debug|Any CPU
		{21CCA4B7-F40B-4F2B-A98F-C173013DD4EC}.Debug|Any CPU.Build.0 = Debug|Any CPU
		{21CCA4B7-F40B-4F2B-A98F-C173013DD4EC}.Release|Any CPU.ActiveCfg = Release|Any CPU
		{21CCA4B7-F40B-4F2B-A98F-C173013DD4EC}.Release|Any CPU.Build.0 = Release|Any CPU
		{B86CB611-FCF2-497D-8B24-18DB122D9FBB}.Debug|Any CPU.ActiveCfg = Debug|Any CPU
		{B86CB611-FCF2-497D-8B24-18DB122D9FBB}.Debug|Any CPU.Build.0 = Debug|Any CPU
		{B86CB611-FCF2-497D-8B24-18DB122D9FBB}.Release|Any CPU.ActiveCfg = Release|Any CPU
		{B86CB611-FCF2-497D-8B24-18DB122D9FBB}.Release|Any CPU.Build.0 = Release|Any CPU
		{B2C314B4-DAED-4FF8-A355-38C72492BBBB}.Debug|Any CPU.ActiveCfg = Debug|Any CPU
		{B2C314B4-DAED-4FF8-A355-38C72492BBBB}.Debug|Any CPU.Build.0 = Debug|Any CPU
		{B2C314B4-DAED-4FF8-A355-38C72492BBBB}.Release|Any CPU.ActiveCfg = Release|Any CPU
		{B2C314B4-DAED-4FF8-A355-38C72492BBBB}.Release|Any CPU.Build.0 = Release|Any CPU
		{01BA5FB4-7D10-49B2-907E-21E98CC715AD}.Debug|Any CPU.ActiveCfg = Debug|Any CPU
		{01BA5FB4-7D10-49B2-907E-21E98CC715AD}.Debug|Any CPU.Build.0 = Debug|Any CPU
		{01BA5FB4-7D10-49B2-907E-21E98CC715AD}.Release|Any CPU.ActiveCfg = Release|Any CPU
		{01BA5FB4-7D10-49B2-907E-21E98CC715AD}.Release|Any CPU.Build.0 = Release|Any CPU
		{D45315F8-A749-4A8C-A9CE-0CD0BC84C73C}.Debug|Any CPU.ActiveCfg = Debug|Any CPU
		{D45315F8-A749-4A8C-A9CE-0CD0BC84C73C}.Debug|Any CPU.Build.0 = Debug|Any CPU
		{D45315F8-A749-4A8C-A9CE-0CD0BC84C73C}.Release|Any CPU.ActiveCfg = Release|Any CPU
		{D45315F8-A749-4A8C-A9CE-0CD0BC84C73C}.Release|Any CPU.Build.0 = Release|Any CPU
		{2BB6FD21-0485-4663-A942-5FA799CE29C8}.Debug|Any CPU.ActiveCfg = Debug|Any CPU
		{2BB6FD21-0485-4663-A942-5FA799CE29C8}.Debug|Any CPU.Build.0 = Debug|Any CPU
		{2BB6FD21-0485-4663-A942-5FA799CE29C8}.Release|Any CPU.ActiveCfg = Release|Any CPU
		{2BB6FD21-0485-4663-A942-5FA799CE29C8}.Release|Any CPU.Build.0 = Release|Any CPU
		{BD1304B4-7673-46AD-B420-E689414C9253}.Debug|Any CPU.ActiveCfg = Debug|Any CPU
		{BD1304B4-7673-46AD-B420-E689414C9253}.Debug|Any CPU.Build.0 = Debug|Any CPU
		{BD1304B4-7673-46AD-B420-E689414C9253}.Release|Any CPU.ActiveCfg = Release|Any CPU
		{BD1304B4-7673-46AD-B420-E689414C9253}.Release|Any CPU.Build.0 = Release|Any CPU
	EndGlobalSection
	GlobalSection(SolutionProperties) = preSolution
		HideSolutionNode = FALSE
	EndGlobalSection
	GlobalSection(NestedProjects) = preSolution
		{D318F934-7BB1-4E6A-95A6-6FC738D999B5} = {8F168044-83EB-4838-8B03-42FB4B8D97FC}
		{6950467F-F50F-45DD-8540-1B15C4A0B299} = {7ED2AF1E-7732-42E5-858D-6C31E2A37CC1}
		{21CCA4B7-F40B-4F2B-A98F-C173013DD4EC} = {7ED2AF1E-7732-42E5-858D-6C31E2A37CC1}
		{B86CB611-FCF2-497D-8B24-18DB122D9FBB} = {7ED2AF1E-7732-42E5-858D-6C31E2A37CC1}
		{40185451-1029-487D-8E12-355AF0E5B657} = {E47CBC47-D625-4513-9D42-B0EAE3238421}
		{2BB6FD21-0485-4663-A942-5FA799CE29C8} = {E47CBC47-D625-4513-9D42-B0EAE3238421}
		{B2C314B4-DAED-4FF8-A355-38C72492BBBB} = {2A8E3B5C-AD0A-40BA-AC5E-9B1E916D16FB}
		{01BA5FB4-7D10-49B2-907E-21E98CC715AD} = {634ED01C-2983-4FE2-A703-B51936BD088D}
		{D45315F8-A749-4A8C-A9CE-0CD0BC84C73C} = {EB509333-A8EE-4FDB-B6E9-475A5D68F242}
		{BD1304B4-7673-46AD-B420-E689414C9253} = {9A948BD4-2C0A-4024-9F9D-0B010162FC59}
	EndGlobalSection
EndGlobal
